
Microsoft Visual Studio Solution File, Format Version 12.00
# Visual Studio 15
VisualStudioVersion = 15.0.28307.489
MinimumVisualStudioVersion = 10.0.40219.1
Project("{8BC9CEB8-8B4A-11D0-8D11-00A0C91BC942}") = "ControlStatementsIntro", "ControlStatementsIntro\ControlStatementsIntro.vcxproj", "{32000946-649D-4F3C-AC48-DA4663573FAB}"
EndProject
Global
	GlobalSection(SolutionConfigurationPlatforms) = preSolution
		Debug|x64 = Debug|x64
		Debug|x86 = Debug|x86
		Release|x64 = Release|x64
		Release|x86 = Release|x86
	EndGlobalSection
	GlobalSection(ProjectConfigurationPlatforms) = postSolution
		{32000946-649D-4F3C-AC48-DA4663573FAB}.Debug|x64.ActiveCfg = Debug|x64
		{32000946-649D-4F3C-AC48-DA4663573FAB}.Debug|x64.Build.0 = Debug|x64
		{32000946-649D-4F3C-AC48-DA4663573FAB}.Debug|x86.ActiveCfg = Debug|Win32
		{32000946-649D-4F3C-AC48-DA4663573FAB}.Debug|x86.Build.0 = Debug|Win32
		{32000946-649D-4F3C-AC48-DA4663573FAB}.Release|x64.ActiveCfg = Release|x64
		{32000946-649D-4F3C-AC48-DA4663573FAB}.Release|x64.Build.0 = Release|x64
		{32000946-649D-4F3C-AC48-DA4663573FAB}.Release|x86.ActiveCfg = Release|Win32
		{32000946-649D-4F3C-AC48-DA4663573FAB}.Release|x86.Build.0 = Release|Win32
	EndGlobalSection
	GlobalSection(SolutionProperties) = preSolution
		HideSolutionNode = FALSE
	EndGlobalSection
	GlobalSection(ExtensibilityGlobals) = postSolution
		SolutionGuid = {3BC8B421-FD6A-4C8E-9E2C-488CBD7BBEAA}
	EndGlobalSection
EndGlobal
