
Microsoft Visual Studio Solution File, Format Version 12.00
# Visual Studio 15
VisualStudioVersion = 15.0.28307.489
MinimumVisualStudioVersion = 10.0.40219.1
Project("{8BC9CEB8-8B4A-11D0-8D11-00A0C91BC942}") = "ScopeFun", "ScopeFun\ScopeFun.vcxproj", "{85DCDAF5-2E0E-4195-B5A6-64C51573435C}"
EndProject
Global
	GlobalSection(SolutionConfigurationPlatforms) = preSolution
		Debug|x64 = Debug|x64
		Debug|x86 = Debug|x86
		Release|x64 = Release|x64
		Release|x86 = Release|x86
	EndGlobalSection
	GlobalSection(ProjectConfigurationPlatforms) = postSolution
		{85DCDAF5-2E0E-4195-B5A6-64C51573435C}.Debug|x64.ActiveCfg = Debug|x64
		{85DCDAF5-2E0E-4195-B5A6-64C51573435C}.Debug|x64.Build.0 = Debug|x64
		{85DCDAF5-2E0E-4195-B5A6-64C51573435C}.Debug|x86.ActiveCfg = Debug|Win32
		{85DCDAF5-2E0E-4195-B5A6-64C51573435C}.Debug|x86.Build.0 = Debug|Win32
		{85DCDAF5-2E0E-4195-B5A6-64C51573435C}.Release|x64.ActiveCfg = Release|x64
		{85DCDAF5-2E0E-4195-B5A6-64C51573435C}.Release|x64.Build.0 = Release|x64
		{85DCDAF5-2E0E-4195-B5A6-64C51573435C}.Release|x86.ActiveCfg = Release|Win32
		{85DCDAF5-2E0E-4195-B5A6-64C51573435C}.Release|x86.Build.0 = Release|Win32
	EndGlobalSection
	GlobalSection(SolutionProperties) = preSolution
		HideSolutionNode = FALSE
	EndGlobalSection
	GlobalSection(ExtensibilityGlobals) = postSolution
		SolutionGuid = {1AA1F978-B32B-466A-8935-8042EEA4453D}
	EndGlobalSection
EndGlobal
