
Microsoft Visual Studio Solution File, Format Version 12.00
# Visual Studio 15
VisualStudioVersion = 15.0.28307.489
MinimumVisualStudioVersion = 10.0.40219.1
Project("{8BC9CEB8-8B4A-11D0-8D11-00A0C91BC942}") = "AvgOfThree", "AvgOfThree\AvgOfThree.vcxproj", "{D67567D8-BB60-41E0-AA32-EE47F99EF0F0}"
EndProject
Global
	GlobalSection(SolutionConfigurationPlatforms) = preSolution
		Debug|x64 = Debug|x64
		Debug|x86 = Debug|x86
		Release|x64 = Release|x64
		Release|x86 = Release|x86
	EndGlobalSection
	GlobalSection(ProjectConfigurationPlatforms) = postSolution
		{D67567D8-BB60-41E0-AA32-EE47F99EF0F0}.Debug|x64.ActiveCfg = Debug|x64
		{D67567D8-BB60-41E0-AA32-EE47F99EF0F0}.Debug|x64.Build.0 = Debug|x64
		{D67567D8-BB60-41E0-AA32-EE47F99EF0F0}.Debug|x86.ActiveCfg = Debug|Win32
		{D67567D8-BB60-41E0-AA32-EE47F99EF0F0}.Debug|x86.Build.0 = Debug|Win32
		{D67567D8-BB60-41E0-AA32-EE47F99EF0F0}.Release|x64.ActiveCfg = Release|x64
		{D67567D8-BB60-41E0-AA32-EE47F99EF0F0}.Release|x64.Build.0 = Release|x64
		{D67567D8-BB60-41E0-AA32-EE47F99EF0F0}.Release|x86.ActiveCfg = Release|Win32
		{D67567D8-BB60-41E0-AA32-EE47F99EF0F0}.Release|x86.Build.0 = Release|Win32
	EndGlobalSection
	GlobalSection(SolutionProperties) = preSolution
		HideSolutionNode = FALSE
	EndGlobalSection
	GlobalSection(ExtensibilityGlobals) = postSolution
		SolutionGuid = {108738D1-0184-4A89-B1AB-201A768A42A5}
	EndGlobalSection
EndGlobal
