
Microsoft Visual Studio Solution File, Format Version 12.00
# Visual Studio 15
VisualStudioVersion = 15.0.28307.489
MinimumVisualStudioVersion = 10.0.40219.1
Project("{8BC9CEB8-8B4A-11D0-8D11-00A0C91BC942}") = "BookFun", "BookFun\BookFun.vcxproj", "{96DC4593-E31B-45B9-9E54-122C2826C153}"
EndProject
Global
	GlobalSection(SolutionConfigurationPlatforms) = preSolution
		Debug|x64 = Debug|x64
		Debug|x86 = Debug|x86
		Release|x64 = Release|x64
		Release|x86 = Release|x86
	EndGlobalSection
	GlobalSection(ProjectConfigurationPlatforms) = postSolution
		{96DC4593-E31B-45B9-9E54-122C2826C153}.Debug|x64.ActiveCfg = Debug|x64
		{96DC4593-E31B-45B9-9E54-122C2826C153}.Debug|x64.Build.0 = Debug|x64
		{96DC4593-E31B-45B9-9E54-122C2826C153}.Debug|x86.ActiveCfg = Debug|Win32
		{96DC4593-E31B-45B9-9E54-122C2826C153}.Debug|x86.Build.0 = Debug|Win32
		{96DC4593-E31B-45B9-9E54-122C2826C153}.Release|x64.ActiveCfg = Release|x64
		{96DC4593-E31B-45B9-9E54-122C2826C153}.Release|x64.Build.0 = Release|x64
		{96DC4593-E31B-45B9-9E54-122C2826C153}.Release|x86.ActiveCfg = Release|Win32
		{96DC4593-E31B-45B9-9E54-122C2826C153}.Release|x86.Build.0 = Release|Win32
	EndGlobalSection
	GlobalSection(SolutionProperties) = preSolution
		HideSolutionNode = FALSE
	EndGlobalSection
	GlobalSection(ExtensibilityGlobals) = postSolution
		SolutionGuid = {B0538EC6-D1BB-4C57-B5BF-1539045D9AC3}
	EndGlobalSection
EndGlobal
