
Microsoft Visual Studio Solution File, Format Version 12.00
# Visual Studio 15
VisualStudioVersion = 15.0.28307.489
MinimumVisualStudioVersion = 10.0.40219.1
Project("{8BC9CEB8-8B4A-11D0-8D11-00A0C91BC942}") = "LinkedListApp", "LinkedListApp\LinkedListApp.vcxproj", "{BB1B54C9-57A5-4C09-B9C2-961C321D45F6}"
EndProject
Global
	GlobalSection(SolutionConfigurationPlatforms) = preSolution
		Debug|x64 = Debug|x64
		Debug|x86 = Debug|x86
		Release|x64 = Release|x64
		Release|x86 = Release|x86
	EndGlobalSection
	GlobalSection(ProjectConfigurationPlatforms) = postSolution
		{BB1B54C9-57A5-4C09-B9C2-961C321D45F6}.Debug|x64.ActiveCfg = Debug|x64
		{BB1B54C9-57A5-4C09-B9C2-961C321D45F6}.Debug|x64.Build.0 = Debug|x64
		{BB1B54C9-57A5-4C09-B9C2-961C321D45F6}.Debug|x86.ActiveCfg = Debug|Win32
		{BB1B54C9-57A5-4C09-B9C2-961C321D45F6}.Debug|x86.Build.0 = Debug|Win32
		{BB1B54C9-57A5-4C09-B9C2-961C321D45F6}.Release|x64.ActiveCfg = Release|x64
		{BB1B54C9-57A5-4C09-B9C2-961C321D45F6}.Release|x64.Build.0 = Release|x64
		{BB1B54C9-57A5-4C09-B9C2-961C321D45F6}.Release|x86.ActiveCfg = Release|Win32
		{BB1B54C9-57A5-4C09-B9C2-961C321D45F6}.Release|x86.Build.0 = Release|Win32
	EndGlobalSection
	GlobalSection(SolutionProperties) = preSolution
		HideSolutionNode = FALSE
	EndGlobalSection
	GlobalSection(ExtensibilityGlobals) = postSolution
		SolutionGuid = {1A38523F-F9D0-4D44-992D-69F51D5BF5F8}
	EndGlobalSection
EndGlobal
